
Microsoft Visual Studio Solution File, Format Version 12.00
# Visual Studio Version 17
VisualStudioVersion = 17.11.35303.130
MinimumVisualStudioVersion = 10.0.40219.1
Project("{2150E333-8FDC-42A3-9474-1A3956D46DE8}") = "Solution Items", "Solution Items", "{03D47046-2E57-4D6B-8C1B-2C9C681C97F8}"
	ProjectSection(SolutionItems) = preProject
		.editorconfig = .editorconfig
		Directory.Build.props = Directory.Build.props
	EndProjectSection
EndProject
Project("{2150E333-8FDC-42A3-9474-1A3956D46DE8}") = "src", "src", "{00D754D7-0526-4004-A2F2-99E88F5C2C1C}"
EndProject
Project("{2150E333-8FDC-42A3-9474-1A3956D46DE8}") = "test", "test", "{B549CEE6-376F-4C44-BB83-6A0D79E3953D}"
EndProject
Project("{2150E333-8FDC-42A3-9474-1A3956D46DE8}") = "Creational", "Creational", "{00AAFD9B-293F-4348-B38D-C6BF69FD13CB}"
EndProject
Project("{9A19103F-16F7-4668-BE54-9A1E7A4F7556}") = "AbstractFactory", "src\Creational\AbstractFactory\AbstractFactory.csproj", "{8A077138-CC28-48E7-93CF-9D2D8833E283}"
EndProject
Project("{2150E333-8FDC-42A3-9474-1A3956D46DE8}") = "Creational", "Creational", "{FEF3AB78-A125-45B1-8E1D-88F9B10AD9EF}"
EndProject
Project("{9A19103F-16F7-4668-BE54-9A1E7A4F7556}") = "AbstractFactory.Test", "test\Creational\AbstractFactory.Test\AbstractFactory.Test.csproj", "{7DE98F78-D08B-49F6-83FA-44CA62BEF269}"
EndProject
Project("{9A19103F-16F7-4668-BE54-9A1E7A4F7556}") = "Builder", "src\Creational\Builder\Builder.csproj", "{1053A8BE-62DE-469E-83F6-E1F3D5AB820C}"
EndProject
Project("{9A19103F-16F7-4668-BE54-9A1E7A4F7556}") = "Builder.Test", "test\Creational\Builder.Test\Builder.Test.csproj", "{56099A9E-1089-4536-831A-7C2CC09F9C0F}"
EndProject
Project("{9A19103F-16F7-4668-BE54-9A1E7A4F7556}") = "FactoryMethod.Test", "test\Creational\FactoryMethod.Test\FactoryMethod.Test.csproj", "{90B3B821-BD23-4FF8-8C8E-1ECDB8157256}"
EndProject
Project("{9A19103F-16F7-4668-BE54-9A1E7A4F7556}") = "FactoryMethod", "src\Creational\FactoryMethod\FactoryMethod.csproj", "{139B3BD7-7E8D-4CED-927B-A60C68E7A468}"
EndProject
Project("{9A19103F-16F7-4668-BE54-9A1E7A4F7556}") = "Prototype", "src\Creational\Prototype\Prototype.csproj", "{BB9D6762-E9FA-4620-AFC0-9797783F28C3}"
EndProject
Project("{9A19103F-16F7-4668-BE54-9A1E7A4F7556}") = "Prototype.Test", "test\Creational\Prototype.Test\Prototype.Test.csproj", "{61A3BB6C-E26E-4F44-96E8-50FB2EA2CE32}"
EndProject
Project("{9A19103F-16F7-4668-BE54-9A1E7A4F7556}") = "Singleton", "src\Creational\Singleton\Singleton.csproj", "{7FC75A72-C3F2-49EA-8F7F-3A6E26270418}"
EndProject
Project("{9A19103F-16F7-4668-BE54-9A1E7A4F7556}") = "Singleton.Test", "test\Creational\Singleton.Test\Singleton.Test.csproj", "{8A40D18D-6A69-4484-97F9-71CFCF258963}"
EndProject
Project("{2150E333-8FDC-42A3-9474-1A3956D46DE8}") = "Behavioral", "Behavioral", "{DE8ADA6E-9960-4652-9DA4-1B1E2740A392}"
EndProject
Project("{2150E333-8FDC-42A3-9474-1A3956D46DE8}") = "Behavioral", "Behavioral", "{DBFA50AC-30D8-4549-A59F-6C3083F2A982}"
EndProject
Project("{9A19103F-16F7-4668-BE54-9A1E7A4F7556}") = "ChainOfResponsibility", "src\Behavioral\ChainOfResponsibility\ChainOfResponsibility.csproj", "{3D453DCB-69C0-4C26-A058-686B0E889F98}"
EndProject
Project("{9A19103F-16F7-4668-BE54-9A1E7A4F7556}") = "ChainOfResponsibility.Test", "test\Behavioral\ChainOfResponsibility.Test\ChainOfResponsibility.Test.csproj", "{FB8ED5B7-B5D3-4E24-938C-5673A2686371}"
EndProject
Project("{9A19103F-16F7-4668-BE54-9A1E7A4F7556}") = "Command", "src\Behavioral\Command\Command.csproj", "{2E996367-6914-48FE-8C88-6B48E9E0927A}"
EndProject
Project("{9A19103F-16F7-4668-BE54-9A1E7A4F7556}") = "Command.Test", "test\Behavioral\Command.Test\Command.Test.csproj", "{1B370C7C-8DDE-4015-A128-9E28251AA4CE}"
EndProject
Project("{9A19103F-16F7-4668-BE54-9A1E7A4F7556}") = "Iterator", "src\Behavioral\Iterator\Iterator.csproj", "{D118026A-1125-4857-840B-CC865F5277B1}"
EndProject
Project("{9A19103F-16F7-4668-BE54-9A1E7A4F7556}") = "Iterator.Test", "test\Behavioral\Iterator.Test\Iterator.Test.csproj", "{07D25006-F645-4B21-B297-B73A9C74921E}"
EndProject
Project("{9A19103F-16F7-4668-BE54-9A1E7A4F7556}") = "Observer", "src\Behavioral\Observer\Observer.csproj", "{74EFF567-42B4-4873-A021-2254C2F5D743}"
EndProject
Project("{9A19103F-16F7-4668-BE54-9A1E7A4F7556}") = "Observer.Test", "test\Behavioral\Observer.Test\Observer.Test.csproj", "{8054B8C3-BAF7-4FE7-834E-EEB3A5189975}"
EndProject
Project("{9A19103F-16F7-4668-BE54-9A1E7A4F7556}") = "State", "src\Behavioral\State\State.csproj", "{9A22C7A0-2737-476F-A3B9-F6C01D0771D1}"
EndProject
Project("{9A19103F-16F7-4668-BE54-9A1E7A4F7556}") = "State.Test", "test\Behavioral\State.Test\State.Test.csproj", "{D231371C-0003-44EA-8D0C-D3CB75EFB4E8}"
EndProject
Project("{9A19103F-16F7-4668-BE54-9A1E7A4F7556}") = "Strategy", "src\Behavioral\Strategy\Strategy.csproj", "{EA850635-E109-4CAA-81DE-354C74BF46A5}"
EndProject
Project("{9A19103F-16F7-4668-BE54-9A1E7A4F7556}") = "Strategy.Test", "test\Behavioral\Strategy.Test\Strategy.Test.csproj", "{EE6AC167-E73D-4FC3-ACC3-A73BB72080CE}"
EndProject
Project("{9A19103F-16F7-4668-BE54-9A1E7A4F7556}") = "TemplateMethod", "src\Behavioral\TemplateMethod\TemplateMethod.csproj", "{59233D93-7064-45AA-9E52-1122FA6C65D2}"
EndProject
Project("{9A19103F-16F7-4668-BE54-9A1E7A4F7556}") = "TemplateMethod.Test", "test\Behavioral\TemplateMethod.Test\TemplateMethod.Test.csproj", "{A2F6F259-0B2A-4212-9FD2-359254DCE52A}"
EndProject
Project("{9A19103F-16F7-4668-BE54-9A1E7A4F7556}") = "Memento", "src\Behavioral\Memento\Memento.csproj", "{896A5B5A-3A53-4D4A-9892-92C8FF9CA26A}"
EndProject
Project("{9A19103F-16F7-4668-BE54-9A1E7A4F7556}") = "Memento.Test", "test\Behavioral\Memento.Test\Memento.Test.csproj", "{DCA587EF-6679-44DF-A7A9-0BD2313846B8}"
EndProject
Project("{9A19103F-16F7-4668-BE54-9A1E7A4F7556}") = "Visitor", "src\Behavioral\Visitor\Visitor.csproj", "{8EE41D16-A418-4FAB-8087-684EB93EB052}"
EndProject
Project("{9A19103F-16F7-4668-BE54-9A1E7A4F7556}") = "Visitor.Test", "test\Behavioral\Visitor.Test\Visitor.Test.csproj", "{778C57CB-AFD9-4BC3-8EA5-DCE201DAA98D}"
EndProject
Project("{9A19103F-16F7-4668-BE54-9A1E7A4F7556}") = "Mediator", "src\Behavioral\Mediator\Mediator.csproj", "{4AC10F08-93B9-4C43-A414-F6F529EA2754}"
EndProject
Project("{9A19103F-16F7-4668-BE54-9A1E7A4F7556}") = "Mediator.Test", "test\Behavioral\Mediator.Test\Mediator.Test.csproj", "{AB1F3707-81BC-4F22-AF19-266BE2E9ABAB}"
EndProject
Project("{2150E333-8FDC-42A3-9474-1A3956D46DE8}") = "Structural", "Structural", "{09729883-69B1-48B6-92E6-03C832FBF046}"
EndProject
Project("{2150E333-8FDC-42A3-9474-1A3956D46DE8}") = "Structural", "Structural", "{C081EE45-0531-4282-966D-BC6D019D9C2C}"
EndProject
Project("{9A19103F-16F7-4668-BE54-9A1E7A4F7556}") = "Adapter", "src\Structural\Adapter\Adapter.csproj", "{F32B736B-1346-4E19-94C0-302F9E139EE5}"
EndProject
Project("{9A19103F-16F7-4668-BE54-9A1E7A4F7556}") = "Facade", "src\Structural\Facade\Facade.csproj", "{3F2CFC9F-8F12-4AB2-AFE5-520B69E24888}"
EndProject
Project("{9A19103F-16F7-4668-BE54-9A1E7A4F7556}") = "Proxy", "src\Structural\Proxy\Proxy.csproj", "{8FC3C9F7-91C6-4FDE-8360-B19A17B9B1A5}"
EndProject
Project("{9A19103F-16F7-4668-BE54-9A1E7A4F7556}") = "Adapter.Test", "test\Structural\Adapter.Test\Adapter.Test.csproj", "{B5AC3CE6-34C2-495E-8F1E-7B75A5BFCF98}"
EndProject
Project("{9A19103F-16F7-4668-BE54-9A1E7A4F7556}") = "Facade.Test", "test\Structural\Facade.Test\Facade.Test.csproj", "{372A2DC0-59C2-4646-8904-A5518FE053A2}"
EndProject
Project("{9A19103F-16F7-4668-BE54-9A1E7A4F7556}") = "Proxy.Test", "test\Structural\Proxy.Test\Proxy.Test.csproj", "{6EDC6B2F-9EED-4AD2-938E-0F47D8B57CF3}"
EndProject
Project("{9A19103F-16F7-4668-BE54-9A1E7A4F7556}") = "Composite", "src\Structural\Composite\Composite.csproj", "{42858B18-5692-48D7-A3B4-DC28D3818BF9}"
EndProject
Project("{9A19103F-16F7-4668-BE54-9A1E7A4F7556}") = "Composite.Test", "test\Structural\Composite.Test\Composite.Test.csproj", "{E0A5E7C8-86F7-4070-B3F1-B497E6E4C39A}"
EndProject
Project("{9A19103F-16F7-4668-BE54-9A1E7A4F7556}") = "Decorator", "src\Structural\Decorator\Decorator.csproj", "{470A6DED-CBF2-4175-B9BA-C4108F4B143B}"
EndProject
Project("{9A19103F-16F7-4668-BE54-9A1E7A4F7556}") = "Decorator.Test", "test\Structural\Decorator.Test\Decorator.Test.csproj", "{5B538C14-60CB-4953-A705-FABAF4CCEACF}"
EndProject
Project("{9A19103F-16F7-4668-BE54-9A1E7A4F7556}") = "Bridge", "src\Structural\Bridge\Bridge.csproj", "{349C2888-9492-45BB-8432-8FC6EB021B75}"
EndProject
Project("{9A19103F-16F7-4668-BE54-9A1E7A4F7556}") = "Bridge.Test", "test\Structural\Bridge.Test\Bridge.Test.csproj", "{56ABA75D-73EE-4969-87FD-6B5F7262D4E9}"
EndProject
Project("{FAE04EC0-301F-11D3-BF4B-00C04F79EFBC}") = "Flyweight", "src\Structural\Flyweight\Flyweight.csproj", "{02E0FF05-5A1E-45A2-BB11-36B11FE50D31}"
EndProject
Global
	GlobalSection(SolutionConfigurationPlatforms) = preSolution
		Debug|Any CPU = Debug|Any CPU
		Release|Any CPU = Release|Any CPU
	EndGlobalSection
	GlobalSection(ProjectConfigurationPlatforms) = postSolution
		{8A077138-CC28-48E7-93CF-9D2D8833E283}.Debug|Any CPU.ActiveCfg = Debug|Any CPU
		{8A077138-CC28-48E7-93CF-9D2D8833E283}.Debug|Any CPU.Build.0 = Debug|Any CPU
		{8A077138-CC28-48E7-93CF-9D2D8833E283}.Release|Any CPU.ActiveCfg = Release|Any CPU
		{8A077138-CC28-48E7-93CF-9D2D8833E283}.Release|Any CPU.Build.0 = Release|Any CPU
		{7DE98F78-D08B-49F6-83FA-44CA62BEF269}.Debug|Any CPU.ActiveCfg = Debug|Any CPU
		{7DE98F78-D08B-49F6-83FA-44CA62BEF269}.Debug|Any CPU.Build.0 = Debug|Any CPU
		{7DE98F78-D08B-49F6-83FA-44CA62BEF269}.Release|Any CPU.ActiveCfg = Release|Any CPU
		{7DE98F78-D08B-49F6-83FA-44CA62BEF269}.Release|Any CPU.Build.0 = Release|Any CPU
		{1053A8BE-62DE-469E-83F6-E1F3D5AB820C}.Debug|Any CPU.ActiveCfg = Debug|Any CPU
		{1053A8BE-62DE-469E-83F6-E1F3D5AB820C}.Debug|Any CPU.Build.0 = Debug|Any CPU
		{1053A8BE-62DE-469E-83F6-E1F3D5AB820C}.Release|Any CPU.ActiveCfg = Release|Any CPU
		{1053A8BE-62DE-469E-83F6-E1F3D5AB820C}.Release|Any CPU.Build.0 = Release|Any CPU
		{56099A9E-1089-4536-831A-7C2CC09F9C0F}.Debug|Any CPU.ActiveCfg = Debug|Any CPU
		{56099A9E-1089-4536-831A-7C2CC09F9C0F}.Debug|Any CPU.Build.0 = Debug|Any CPU
		{56099A9E-1089-4536-831A-7C2CC09F9C0F}.Release|Any CPU.ActiveCfg = Release|Any CPU
		{56099A9E-1089-4536-831A-7C2CC09F9C0F}.Release|Any CPU.Build.0 = Release|Any CPU
		{90B3B821-BD23-4FF8-8C8E-1ECDB8157256}.Debug|Any CPU.ActiveCfg = Debug|Any CPU
		{90B3B821-BD23-4FF8-8C8E-1ECDB8157256}.Debug|Any CPU.Build.0 = Debug|Any CPU
		{90B3B821-BD23-4FF8-8C8E-1ECDB8157256}.Release|Any CPU.ActiveCfg = Release|Any CPU
		{90B3B821-BD23-4FF8-8C8E-1ECDB8157256}.Release|Any CPU.Build.0 = Release|Any CPU
		{139B3BD7-7E8D-4CED-927B-A60C68E7A468}.Debug|Any CPU.ActiveCfg = Debug|Any CPU
		{139B3BD7-7E8D-4CED-927B-A60C68E7A468}.Debug|Any CPU.Build.0 = Debug|Any CPU
		{139B3BD7-7E8D-4CED-927B-A60C68E7A468}.Release|Any CPU.ActiveCfg = Release|Any CPU
		{139B3BD7-7E8D-4CED-927B-A60C68E7A468}.Release|Any CPU.Build.0 = Release|Any CPU
		{BB9D6762-E9FA-4620-AFC0-9797783F28C3}.Debug|Any CPU.ActiveCfg = Debug|Any CPU
		{BB9D6762-E9FA-4620-AFC0-9797783F28C3}.Debug|Any CPU.Build.0 = Debug|Any CPU
		{BB9D6762-E9FA-4620-AFC0-9797783F28C3}.Release|Any CPU.ActiveCfg = Release|Any CPU
		{BB9D6762-E9FA-4620-AFC0-9797783F28C3}.Release|Any CPU.Build.0 = Release|Any CPU
		{61A3BB6C-E26E-4F44-96E8-50FB2EA2CE32}.Debug|Any CPU.ActiveCfg = Debug|Any CPU
		{61A3BB6C-E26E-4F44-96E8-50FB2EA2CE32}.Debug|Any CPU.Build.0 = Debug|Any CPU
		{61A3BB6C-E26E-4F44-96E8-50FB2EA2CE32}.Release|Any CPU.ActiveCfg = Release|Any CPU
		{61A3BB6C-E26E-4F44-96E8-50FB2EA2CE32}.Release|Any CPU.Build.0 = Release|Any CPU
		{7FC75A72-C3F2-49EA-8F7F-3A6E26270418}.Debug|Any CPU.ActiveCfg = Debug|Any CPU
		{7FC75A72-C3F2-49EA-8F7F-3A6E26270418}.Debug|Any CPU.Build.0 = Debug|Any CPU
		{7FC75A72-C3F2-49EA-8F7F-3A6E26270418}.Release|Any CPU.ActiveCfg = Release|Any CPU
		{7FC75A72-C3F2-49EA-8F7F-3A6E26270418}.Release|Any CPU.Build.0 = Release|Any CPU
		{8A40D18D-6A69-4484-97F9-71CFCF258963}.Debug|Any CPU.ActiveCfg = Debug|Any CPU
		{8A40D18D-6A69-4484-97F9-71CFCF258963}.Debug|Any CPU.Build.0 = Debug|Any CPU
		{8A40D18D-6A69-4484-97F9-71CFCF258963}.Release|Any CPU.ActiveCfg = Release|Any CPU
		{8A40D18D-6A69-4484-97F9-71CFCF258963}.Release|Any CPU.Build.0 = Release|Any CPU
		{3D453DCB-69C0-4C26-A058-686B0E889F98}.Debug|Any CPU.ActiveCfg = Debug|Any CPU
		{3D453DCB-69C0-4C26-A058-686B0E889F98}.Debug|Any CPU.Build.0 = Debug|Any CPU
		{3D453DCB-69C0-4C26-A058-686B0E889F98}.Release|Any CPU.ActiveCfg = Release|Any CPU
		{3D453DCB-69C0-4C26-A058-686B0E889F98}.Release|Any CPU.Build.0 = Release|Any CPU
		{FB8ED5B7-B5D3-4E24-938C-5673A2686371}.Debug|Any CPU.ActiveCfg = Debug|Any CPU
		{FB8ED5B7-B5D3-4E24-938C-5673A2686371}.Debug|Any CPU.Build.0 = Debug|Any CPU
		{FB8ED5B7-B5D3-4E24-938C-5673A2686371}.Release|Any CPU.ActiveCfg = Release|Any CPU
		{FB8ED5B7-B5D3-4E24-938C-5673A2686371}.Release|Any CPU.Build.0 = Release|Any CPU
		{2E996367-6914-48FE-8C88-6B48E9E0927A}.Debug|Any CPU.ActiveCfg = Debug|Any CPU
		{2E996367-6914-48FE-8C88-6B48E9E0927A}.Debug|Any CPU.Build.0 = Debug|Any CPU
		{2E996367-6914-48FE-8C88-6B48E9E0927A}.Release|Any CPU.ActiveCfg = Release|Any CPU
		{2E996367-6914-48FE-8C88-6B48E9E0927A}.Release|Any CPU.Build.0 = Release|Any CPU
		{1B370C7C-8DDE-4015-A128-9E28251AA4CE}.Debug|Any CPU.ActiveCfg = Debug|Any CPU
		{1B370C7C-8DDE-4015-A128-9E28251AA4CE}.Debug|Any CPU.Build.0 = Debug|Any CPU
		{1B370C7C-8DDE-4015-A128-9E28251AA4CE}.Release|Any CPU.ActiveCfg = Release|Any CPU
		{1B370C7C-8DDE-4015-A128-9E28251AA4CE}.Release|Any CPU.Build.0 = Release|Any CPU
		{D118026A-1125-4857-840B-CC865F5277B1}.Debug|Any CPU.ActiveCfg = Debug|Any CPU
		{D118026A-1125-4857-840B-CC865F5277B1}.Debug|Any CPU.Build.0 = Debug|Any CPU
		{D118026A-1125-4857-840B-CC865F5277B1}.Release|Any CPU.ActiveCfg = Release|Any CPU
		{D118026A-1125-4857-840B-CC865F5277B1}.Release|Any CPU.Build.0 = Release|Any CPU
		{07D25006-F645-4B21-B297-B73A9C74921E}.Debug|Any CPU.ActiveCfg = Debug|Any CPU
		{07D25006-F645-4B21-B297-B73A9C74921E}.Debug|Any CPU.Build.0 = Debug|Any CPU
		{07D25006-F645-4B21-B297-B73A9C74921E}.Release|Any CPU.ActiveCfg = Release|Any CPU
		{07D25006-F645-4B21-B297-B73A9C74921E}.Release|Any CPU.Build.0 = Release|Any CPU
		{74EFF567-42B4-4873-A021-2254C2F5D743}.Debug|Any CPU.ActiveCfg = Debug|Any CPU
		{74EFF567-42B4-4873-A021-2254C2F5D743}.Debug|Any CPU.Build.0 = Debug|Any CPU
		{74EFF567-42B4-4873-A021-2254C2F5D743}.Release|Any CPU.ActiveCfg = Release|Any CPU
		{74EFF567-42B4-4873-A021-2254C2F5D743}.Release|Any CPU.Build.0 = Release|Any CPU
		{8054B8C3-BAF7-4FE7-834E-EEB3A5189975}.Debug|Any CPU.ActiveCfg = Debug|Any CPU
		{8054B8C3-BAF7-4FE7-834E-EEB3A5189975}.Debug|Any CPU.Build.0 = Debug|Any CPU
		{8054B8C3-BAF7-4FE7-834E-EEB3A5189975}.Release|Any CPU.ActiveCfg = Release|Any CPU
		{8054B8C3-BAF7-4FE7-834E-EEB3A5189975}.Release|Any CPU.Build.0 = Release|Any CPU
		{9A22C7A0-2737-476F-A3B9-F6C01D0771D1}.Debug|Any CPU.ActiveCfg = Debug|Any CPU
		{9A22C7A0-2737-476F-A3B9-F6C01D0771D1}.Debug|Any CPU.Build.0 = Debug|Any CPU
		{9A22C7A0-2737-476F-A3B9-F6C01D0771D1}.Release|Any CPU.ActiveCfg = Release|Any CPU
		{9A22C7A0-2737-476F-A3B9-F6C01D0771D1}.Release|Any CPU.Build.0 = Release|Any CPU
		{D231371C-0003-44EA-8D0C-D3CB75EFB4E8}.Debug|Any CPU.ActiveCfg = Debug|Any CPU
		{D231371C-0003-44EA-8D0C-D3CB75EFB4E8}.Debug|Any CPU.Build.0 = Debug|Any CPU
		{D231371C-0003-44EA-8D0C-D3CB75EFB4E8}.Release|Any CPU.ActiveCfg = Release|Any CPU
		{D231371C-0003-44EA-8D0C-D3CB75EFB4E8}.Release|Any CPU.Build.0 = Release|Any CPU
		{EA850635-E109-4CAA-81DE-354C74BF46A5}.Debug|Any CPU.ActiveCfg = Debug|Any CPU
		{EA850635-E109-4CAA-81DE-354C74BF46A5}.Debug|Any CPU.Build.0 = Debug|Any CPU
		{EA850635-E109-4CAA-81DE-354C74BF46A5}.Release|Any CPU.ActiveCfg = Release|Any CPU
		{EA850635-E109-4CAA-81DE-354C74BF46A5}.Release|Any CPU.Build.0 = Release|Any CPU
		{EE6AC167-E73D-4FC3-ACC3-A73BB72080CE}.Debug|Any CPU.ActiveCfg = Debug|Any CPU
		{EE6AC167-E73D-4FC3-ACC3-A73BB72080CE}.Debug|Any CPU.Build.0 = Debug|Any CPU
		{EE6AC167-E73D-4FC3-ACC3-A73BB72080CE}.Release|Any CPU.ActiveCfg = Release|Any CPU
		{EE6AC167-E73D-4FC3-ACC3-A73BB72080CE}.Release|Any CPU.Build.0 = Release|Any CPU
		{59233D93-7064-45AA-9E52-1122FA6C65D2}.Debug|Any CPU.ActiveCfg = Debug|Any CPU
		{59233D93-7064-45AA-9E52-1122FA6C65D2}.Debug|Any CPU.Build.0 = Debug|Any CPU
		{59233D93-7064-45AA-9E52-1122FA6C65D2}.Release|Any CPU.ActiveCfg = Release|Any CPU
		{59233D93-7064-45AA-9E52-1122FA6C65D2}.Release|Any CPU.Build.0 = Release|Any CPU
		{A2F6F259-0B2A-4212-9FD2-359254DCE52A}.Debug|Any CPU.ActiveCfg = Debug|Any CPU
		{A2F6F259-0B2A-4212-9FD2-359254DCE52A}.Debug|Any CPU.Build.0 = Debug|Any CPU
		{A2F6F259-0B2A-4212-9FD2-359254DCE52A}.Release|Any CPU.ActiveCfg = Release|Any CPU
		{A2F6F259-0B2A-4212-9FD2-359254DCE52A}.Release|Any CPU.Build.0 = Release|Any CPU
		{896A5B5A-3A53-4D4A-9892-92C8FF9CA26A}.Debug|Any CPU.ActiveCfg = Debug|Any CPU
		{896A5B5A-3A53-4D4A-9892-92C8FF9CA26A}.Debug|Any CPU.Build.0 = Debug|Any CPU
		{896A5B5A-3A53-4D4A-9892-92C8FF9CA26A}.Release|Any CPU.ActiveCfg = Release|Any CPU
		{896A5B5A-3A53-4D4A-9892-92C8FF9CA26A}.Release|Any CPU.Build.0 = Release|Any CPU
		{DCA587EF-6679-44DF-A7A9-0BD2313846B8}.Debug|Any CPU.ActiveCfg = Debug|Any CPU
		{DCA587EF-6679-44DF-A7A9-0BD2313846B8}.Debug|Any CPU.Build.0 = Debug|Any CPU
		{DCA587EF-6679-44DF-A7A9-0BD2313846B8}.Release|Any CPU.ActiveCfg = Release|Any CPU
		{DCA587EF-6679-44DF-A7A9-0BD2313846B8}.Release|Any CPU.Build.0 = Release|Any CPU
		{8EE41D16-A418-4FAB-8087-684EB93EB052}.Debug|Any CPU.ActiveCfg = Debug|Any CPU
		{8EE41D16-A418-4FAB-8087-684EB93EB052}.Debug|Any CPU.Build.0 = Debug|Any CPU
		{8EE41D16-A418-4FAB-8087-684EB93EB052}.Release|Any CPU.ActiveCfg = Release|Any CPU
		{8EE41D16-A418-4FAB-8087-684EB93EB052}.Release|Any CPU.Build.0 = Release|Any CPU
		{778C57CB-AFD9-4BC3-8EA5-DCE201DAA98D}.Debug|Any CPU.ActiveCfg = Debug|Any CPU
		{778C57CB-AFD9-4BC3-8EA5-DCE201DAA98D}.Debug|Any CPU.Build.0 = Debug|Any CPU
		{778C57CB-AFD9-4BC3-8EA5-DCE201DAA98D}.Release|Any CPU.ActiveCfg = Release|Any CPU
		{778C57CB-AFD9-4BC3-8EA5-DCE201DAA98D}.Release|Any CPU.Build.0 = Release|Any CPU
		{4AC10F08-93B9-4C43-A414-F6F529EA2754}.Debug|Any CPU.ActiveCfg = Debug|Any CPU
		{4AC10F08-93B9-4C43-A414-F6F529EA2754}.Debug|Any CPU.Build.0 = Debug|Any CPU
		{4AC10F08-93B9-4C43-A414-F6F529EA2754}.Release|Any CPU.ActiveCfg = Release|Any CPU
		{4AC10F08-93B9-4C43-A414-F6F529EA2754}.Release|Any CPU.Build.0 = Release|Any CPU
		{AB1F3707-81BC-4F22-AF19-266BE2E9ABAB}.Debug|Any CPU.ActiveCfg = Debug|Any CPU
		{AB1F3707-81BC-4F22-AF19-266BE2E9ABAB}.Debug|Any CPU.Build.0 = Debug|Any CPU
		{AB1F3707-81BC-4F22-AF19-266BE2E9ABAB}.Release|Any CPU.ActiveCfg = Release|Any CPU
		{AB1F3707-81BC-4F22-AF19-266BE2E9ABAB}.Release|Any CPU.Build.0 = Release|Any CPU
		{F32B736B-1346-4E19-94C0-302F9E139EE5}.Debug|Any CPU.ActiveCfg = Debug|Any CPU
		{F32B736B-1346-4E19-94C0-302F9E139EE5}.Debug|Any CPU.Build.0 = Debug|Any CPU
		{F32B736B-1346-4E19-94C0-302F9E139EE5}.Release|Any CPU.ActiveCfg = Release|Any CPU
		{F32B736B-1346-4E19-94C0-302F9E139EE5}.Release|Any CPU.Build.0 = Release|Any CPU
		{3F2CFC9F-8F12-4AB2-AFE5-520B69E24888}.Debug|Any CPU.ActiveCfg = Debug|Any CPU
		{3F2CFC9F-8F12-4AB2-AFE5-520B69E24888}.Debug|Any CPU.Build.0 = Debug|Any CPU
		{3F2CFC9F-8F12-4AB2-AFE5-520B69E24888}.Release|Any CPU.ActiveCfg = Release|Any CPU
		{3F2CFC9F-8F12-4AB2-AFE5-520B69E24888}.Release|Any CPU.Build.0 = Release|Any CPU
		{8FC3C9F7-91C6-4FDE-8360-B19A17B9B1A5}.Debug|Any CPU.ActiveCfg = Debug|Any CPU
		{8FC3C9F7-91C6-4FDE-8360-B19A17B9B1A5}.Debug|Any CPU.Build.0 = Debug|Any CPU
		{8FC3C9F7-91C6-4FDE-8360-B19A17B9B1A5}.Release|Any CPU.ActiveCfg = Release|Any CPU
		{8FC3C9F7-91C6-4FDE-8360-B19A17B9B1A5}.Release|Any CPU.Build.0 = Release|Any CPU
		{B5AC3CE6-34C2-495E-8F1E-7B75A5BFCF98}.Debug|Any CPU.ActiveCfg = Debug|Any CPU
		{B5AC3CE6-34C2-495E-8F1E-7B75A5BFCF98}.Debug|Any CPU.Build.0 = Debug|Any CPU
		{B5AC3CE6-34C2-495E-8F1E-7B75A5BFCF98}.Release|Any CPU.ActiveCfg = Release|Any CPU
		{B5AC3CE6-34C2-495E-8F1E-7B75A5BFCF98}.Release|Any CPU.Build.0 = Release|Any CPU
		{372A2DC0-59C2-4646-8904-A5518FE053A2}.Debug|Any CPU.ActiveCfg = Debug|Any CPU
		{372A2DC0-59C2-4646-8904-A5518FE053A2}.Debug|Any CPU.Build.0 = Debug|Any CPU
		{372A2DC0-59C2-4646-8904-A5518FE053A2}.Release|Any CPU.ActiveCfg = Release|Any CPU
		{372A2DC0-59C2-4646-8904-A5518FE053A2}.Release|Any CPU.Build.0 = Release|Any CPU
		{6EDC6B2F-9EED-4AD2-938E-0F47D8B57CF3}.Debug|Any CPU.ActiveCfg = Debug|Any CPU
		{6EDC6B2F-9EED-4AD2-938E-0F47D8B57CF3}.Debug|Any CPU.Build.0 = Debug|Any CPU
		{6EDC6B2F-9EED-4AD2-938E-0F47D8B57CF3}.Release|Any CPU.ActiveCfg = Release|Any CPU
		{6EDC6B2F-9EED-4AD2-938E-0F47D8B57CF3}.Release|Any CPU.Build.0 = Release|Any CPU
		{42858B18-5692-48D7-A3B4-DC28D3818BF9}.Debug|Any CPU.ActiveCfg = Debug|Any CPU
		{42858B18-5692-48D7-A3B4-DC28D3818BF9}.Debug|Any CPU.Build.0 = Debug|Any CPU
		{42858B18-5692-48D7-A3B4-DC28D3818BF9}.Release|Any CPU.ActiveCfg = Release|Any CPU
		{42858B18-5692-48D7-A3B4-DC28D3818BF9}.Release|Any CPU.Build.0 = Release|Any CPU
		{E0A5E7C8-86F7-4070-B3F1-B497E6E4C39A}.Debug|Any CPU.ActiveCfg = Debug|Any CPU
		{E0A5E7C8-86F7-4070-B3F1-B497E6E4C39A}.Debug|Any CPU.Build.0 = Debug|Any CPU
		{E0A5E7C8-86F7-4070-B3F1-B497E6E4C39A}.Release|Any CPU.ActiveCfg = Release|Any CPU
		{E0A5E7C8-86F7-4070-B3F1-B497E6E4C39A}.Release|Any CPU.Build.0 = Release|Any CPU
		{470A6DED-CBF2-4175-B9BA-C4108F4B143B}.Debug|Any CPU.ActiveCfg = Debug|Any CPU
		{470A6DED-CBF2-4175-B9BA-C4108F4B143B}.Debug|Any CPU.Build.0 = Debug|Any CPU
		{470A6DED-CBF2-4175-B9BA-C4108F4B143B}.Release|Any CPU.ActiveCfg = Release|Any CPU
		{470A6DED-CBF2-4175-B9BA-C4108F4B143B}.Release|Any CPU.Build.0 = Release|Any CPU
		{5B538C14-60CB-4953-A705-FABAF4CCEACF}.Debug|Any CPU.ActiveCfg = Debug|Any CPU
		{5B538C14-60CB-4953-A705-FABAF4CCEACF}.Debug|Any CPU.Build.0 = Debug|Any CPU
		{5B538C14-60CB-4953-A705-FABAF4CCEACF}.Release|Any CPU.ActiveCfg = Release|Any CPU
		{5B538C14-60CB-4953-A705-FABAF4CCEACF}.Release|Any CPU.Build.0 = Release|Any CPU
		{349C2888-9492-45BB-8432-8FC6EB021B75}.Debug|Any CPU.ActiveCfg = Debug|Any CPU
		{349C2888-9492-45BB-8432-8FC6EB021B75}.Debug|Any CPU.Build.0 = Debug|Any CPU
		{349C2888-9492-45BB-8432-8FC6EB021B75}.Release|Any CPU.ActiveCfg = Release|Any CPU
		{349C2888-9492-45BB-8432-8FC6EB021B75}.Release|Any CPU.Build.0 = Release|Any CPU
		{56ABA75D-73EE-4969-87FD-6B5F7262D4E9}.Debug|Any CPU.ActiveCfg = Debug|Any CPU
		{56ABA75D-73EE-4969-87FD-6B5F7262D4E9}.Debug|Any CPU.Build.0 = Debug|Any CPU
		{56ABA75D-73EE-4969-87FD-6B5F7262D4E9}.Release|Any CPU.ActiveCfg = Release|Any CPU
		{56ABA75D-73EE-4969-87FD-6B5F7262D4E9}.Release|Any CPU.Build.0 = Release|Any CPU
		{02E0FF05-5A1E-45A2-BB11-36B11FE50D31}.Debug|Any CPU.ActiveCfg = Debug|Any CPU
		{02E0FF05-5A1E-45A2-BB11-36B11FE50D31}.Debug|Any CPU.Build.0 = Debug|Any CPU
		{02E0FF05-5A1E-45A2-BB11-36B11FE50D31}.Release|Any CPU.ActiveCfg = Release|Any CPU
		{02E0FF05-5A1E-45A2-BB11-36B11FE50D31}.Release|Any CPU.Build.0 = Release|Any CPU
	EndGlobalSection
	GlobalSection(SolutionProperties) = preSolution
		HideSolutionNode = FALSE
	EndGlobalSection
	GlobalSection(NestedProjects) = preSolution
		{00AAFD9B-293F-4348-B38D-C6BF69FD13CB} = {00D754D7-0526-4004-A2F2-99E88F5C2C1C}
		{8A077138-CC28-48E7-93CF-9D2D8833E283} = {00AAFD9B-293F-4348-B38D-C6BF69FD13CB}
		{FEF3AB78-A125-45B1-8E1D-88F9B10AD9EF} = {B549CEE6-376F-4C44-BB83-6A0D79E3953D}
		{7DE98F78-D08B-49F6-83FA-44CA62BEF269} = {FEF3AB78-A125-45B1-8E1D-88F9B10AD9EF}
		{1053A8BE-62DE-469E-83F6-E1F3D5AB820C} = {00AAFD9B-293F-4348-B38D-C6BF69FD13CB}
		{56099A9E-1089-4536-831A-7C2CC09F9C0F} = {FEF3AB78-A125-45B1-8E1D-88F9B10AD9EF}
		{90B3B821-BD23-4FF8-8C8E-1ECDB8157256} = {FEF3AB78-A125-45B1-8E1D-88F9B10AD9EF}
		{139B3BD7-7E8D-4CED-927B-A60C68E7A468} = {00AAFD9B-293F-4348-B38D-C6BF69FD13CB}
		{BB9D6762-E9FA-4620-AFC0-9797783F28C3} = {00AAFD9B-293F-4348-B38D-C6BF69FD13CB}
		{61A3BB6C-E26E-4F44-96E8-50FB2EA2CE32} = {FEF3AB78-A125-45B1-8E1D-88F9B10AD9EF}
		{7FC75A72-C3F2-49EA-8F7F-3A6E26270418} = {00AAFD9B-293F-4348-B38D-C6BF69FD13CB}
		{8A40D18D-6A69-4484-97F9-71CFCF258963} = {FEF3AB78-A125-45B1-8E1D-88F9B10AD9EF}
		{DE8ADA6E-9960-4652-9DA4-1B1E2740A392} = {00D754D7-0526-4004-A2F2-99E88F5C2C1C}
		{DBFA50AC-30D8-4549-A59F-6C3083F2A982} = {B549CEE6-376F-4C44-BB83-6A0D79E3953D}
		{3D453DCB-69C0-4C26-A058-686B0E889F98} = {DE8ADA6E-9960-4652-9DA4-1B1E2740A392}
		{FB8ED5B7-B5D3-4E24-938C-5673A2686371} = {DBFA50AC-30D8-4549-A59F-6C3083F2A982}
		{2E996367-6914-48FE-8C88-6B48E9E0927A} = {DE8ADA6E-9960-4652-9DA4-1B1E2740A392}
		{1B370C7C-8DDE-4015-A128-9E28251AA4CE} = {DBFA50AC-30D8-4549-A59F-6C3083F2A982}
		{D118026A-1125-4857-840B-CC865F5277B1} = {DE8ADA6E-9960-4652-9DA4-1B1E2740A392}
		{07D25006-F645-4B21-B297-B73A9C74921E} = {DBFA50AC-30D8-4549-A59F-6C3083F2A982}
		{74EFF567-42B4-4873-A021-2254C2F5D743} = {DE8ADA6E-9960-4652-9DA4-1B1E2740A392}
		{8054B8C3-BAF7-4FE7-834E-EEB3A5189975} = {DBFA50AC-30D8-4549-A59F-6C3083F2A982}
		{9A22C7A0-2737-476F-A3B9-F6C01D0771D1} = {DE8ADA6E-9960-4652-9DA4-1B1E2740A392}
		{D231371C-0003-44EA-8D0C-D3CB75EFB4E8} = {DBFA50AC-30D8-4549-A59F-6C3083F2A982}
		{EA850635-E109-4CAA-81DE-354C74BF46A5} = {DE8ADA6E-9960-4652-9DA4-1B1E2740A392}
		{EE6AC167-E73D-4FC3-ACC3-A73BB72080CE} = {DBFA50AC-30D8-4549-A59F-6C3083F2A982}
		{59233D93-7064-45AA-9E52-1122FA6C65D2} = {DE8ADA6E-9960-4652-9DA4-1B1E2740A392}
		{A2F6F259-0B2A-4212-9FD2-359254DCE52A} = {DBFA50AC-30D8-4549-A59F-6C3083F2A982}
		{896A5B5A-3A53-4D4A-9892-92C8FF9CA26A} = {DE8ADA6E-9960-4652-9DA4-1B1E2740A392}
		{DCA587EF-6679-44DF-A7A9-0BD2313846B8} = {DBFA50AC-30D8-4549-A59F-6C3083F2A982}
		{8EE41D16-A418-4FAB-8087-684EB93EB052} = {DE8ADA6E-9960-4652-9DA4-1B1E2740A392}
		{778C57CB-AFD9-4BC3-8EA5-DCE201DAA98D} = {DBFA50AC-30D8-4549-A59F-6C3083F2A982}
		{4AC10F08-93B9-4C43-A414-F6F529EA2754} = {DE8ADA6E-9960-4652-9DA4-1B1E2740A392}
		{AB1F3707-81BC-4F22-AF19-266BE2E9ABAB} = {DBFA50AC-30D8-4549-A59F-6C3083F2A982}
		{09729883-69B1-48B6-92E6-03C832FBF046} = {00D754D7-0526-4004-A2F2-99E88F5C2C1C}
		{C081EE45-0531-4282-966D-BC6D019D9C2C} = {B549CEE6-376F-4C44-BB83-6A0D79E3953D}
		{F32B736B-1346-4E19-94C0-302F9E139EE5} = {09729883-69B1-48B6-92E6-03C832FBF046}
		{3F2CFC9F-8F12-4AB2-AFE5-520B69E24888} = {09729883-69B1-48B6-92E6-03C832FBF046}
		{8FC3C9F7-91C6-4FDE-8360-B19A17B9B1A5} = {09729883-69B1-48B6-92E6-03C832FBF046}
		{B5AC3CE6-34C2-495E-8F1E-7B75A5BFCF98} = {C081EE45-0531-4282-966D-BC6D019D9C2C}
		{372A2DC0-59C2-4646-8904-A5518FE053A2} = {C081EE45-0531-4282-966D-BC6D019D9C2C}
		{6EDC6B2F-9EED-4AD2-938E-0F47D8B57CF3} = {C081EE45-0531-4282-966D-BC6D019D9C2C}
		{42858B18-5692-48D7-A3B4-DC28D3818BF9} = {09729883-69B1-48B6-92E6-03C832FBF046}
		{E0A5E7C8-86F7-4070-B3F1-B497E6E4C39A} = {C081EE45-0531-4282-966D-BC6D019D9C2C}
		{470A6DED-CBF2-4175-B9BA-C4108F4B143B} = {09729883-69B1-48B6-92E6-03C832FBF046}
		{5B538C14-60CB-4953-A705-FABAF4CCEACF} = {C081EE45-0531-4282-966D-BC6D019D9C2C}
		{349C2888-9492-45BB-8432-8FC6EB021B75} = {09729883-69B1-48B6-92E6-03C832FBF046}
		{56ABA75D-73EE-4969-87FD-6B5F7262D4E9} = {C081EE45-0531-4282-966D-BC6D019D9C2C}
		{02E0FF05-5A1E-45A2-BB11-36B11FE50D31} = {09729883-69B1-48B6-92E6-03C832FBF046}
	EndGlobalSection
	GlobalSection(ExtensibilityGlobals) = postSolution
		SolutionGuid = {485951CC-0DE9-453C-A4B1-3BA5E6CC7338}
	EndGlobalSection
EndGlobal
